// !$*UTF8*$!
{
	archiveVersion = 1;
	classes = {
	};
	objectVersion = 54;
	objects = {

/* Begin PBXBuildFile section */
		181EE5872B234C510043817F /* CustomView.swift in Sources */ = {isa = PBXBuildFile; fileRef = 181EE57E2B234C510043817F /* CustomView.swift */; };
		181EE5882B234C510043817F /* CustomP2PChatViewController.swift in Sources */ = {isa = PBXBuildFile; fileRef = 181EE57F2B234C510043817F /* CustomP2PChatViewController.swift */; };
		181EE58B2B234C510043817F /* CustomConversationController.swift in Sources */ = {isa = PBXBuildFile; fileRef = 181EE5822B234C510043817F /* CustomConversationController.swift */; };
		181EE58D2B234C510043817F /* CustomContactTableViewCell.swift in Sources */ = {isa = PBXBuildFile; fileRef = 181EE5842B234C510043817F /* CustomContactTableViewCell.swift */; };
		181EE58E2B234C510043817F /* CustomChatCell.swift in Sources */ = {isa = PBXBuildFile; fileRef = 181EE5852B234C510043817F /* CustomChatCell.swift */; };
		181EE58F2B234C510043817F /* CustomConversationListCell.swift in Sources */ = {isa = PBXBuildFile; fileRef = 181EE5862B234C510043817F /* CustomConversationListCell.swift */; };
		181EE5EA2B234E540043817F /* NodeViewModel.swift in Sources */ = {isa = PBXBuildFile; fileRef = 181EE5CD2B234E540043817F /* NodeViewModel.swift */; };
		181EE5EB2B234E540043817F /* MineSettingViewModel.swift in Sources */ = {isa = PBXBuildFile; fileRef = 181EE5CE2B234E540043817F /* MineSettingViewModel.swift */; };
		181EE5EC2B234E540043817F /* PersonInfoViewModel.swift in Sources */ = {isa = PBXBuildFile; fileRef = 181EE5CF2B234E540043817F /* PersonInfoViewModel.swift */; };
		181EE5ED2B234E540043817F /* MessageRemindViewModel.swift in Sources */ = {isa = PBXBuildFile; fileRef = 181EE5D02B234E540043817F /* MessageRemindViewModel.swift */; };
		181EE5EE2B234E540043817F /* IntroduceViewModel.swift in Sources */ = {isa = PBXBuildFile; fileRef = 181EE5D12B234E540043817F /* IntroduceViewModel.swift */; };
		181EE5EF2B234E540043817F /* MeViewController.swift in Sources */ = {isa = PBXBuildFile; fileRef = 181EE5D32B234E540043817F /* MeViewController.swift */; };
		181EE5F02B234E540043817F /* StyleSelectionViewController.swift in Sources */ = {isa = PBXBuildFile; fileRef = 181EE5D42B234E540043817F /* StyleSelectionViewController.swift */; };
		181EE5F12B234E540043817F /* NEAboutWebViewController.swift in Sources */ = {isa = PBXBuildFile; fileRef = 181EE5D52B234E540043817F /* NEAboutWebViewController.swift */; };
		181EE5F32B234E540043817F /* InputPersonInfoController.swift in Sources */ = {isa = PBXBuildFile; fileRef = 181EE5D72B234E540043817F /* InputPersonInfoController.swift */; };
		181EE5F42B234E540043817F /* MineSettingViewController.swift in Sources */ = {isa = PBXBuildFile; fileRef = 181EE5D82B234E540043817F /* MineSettingViewController.swift */; };
		181EE5F52B234E540043817F /* MessageRemindViewController.swift in Sources */ = {isa = PBXBuildFile; fileRef = 181EE5D92B234E540043817F /* MessageRemindViewController.swift */; };
		181EE5F62B234E540043817F /* NENodeViewController.swift in Sources */ = {isa = PBXBuildFile; fileRef = 181EE5DA2B234E540043817F /* NENodeViewController.swift */; };
		181EE5F72B234E540043817F /* PersonInfoViewController.swift in Sources */ = {isa = PBXBuildFile; fileRef = 181EE5DB2B234E540043817F /* PersonInfoViewController.swift */; };
		181EE5F82B234E540043817F /* ConfigTestViewController.swift in Sources */ = {isa = PBXBuildFile; fileRef = 181EE5DC2B234E540043817F /* ConfigTestViewController.swift */; };
		181EE5F92B234E540043817F /* IntroduceBrandViewController.swift in Sources */ = {isa = PBXBuildFile; fileRef = 181EE5DD2B234E540043817F /* IntroduceBrandViewController.swift */; };
		181EE5FA2B234E540043817F /* MineTableViewCell.swift in Sources */ = {isa = PBXBuildFile; fileRef = 181EE5DF2B234E540043817F /* MineTableViewCell.swift */; };
		181EE5FB2B234E540043817F /* StyleSelectionCell.swift in Sources */ = {isa = PBXBuildFile; fileRef = 181EE5E02B234E540043817F /* StyleSelectionCell.swift */; };
		181EE5FC2B234E540043817F /* BirthdayDatePickerView.swift in Sources */ = {isa = PBXBuildFile; fileRef = 181EE5E12B234E540043817F /* BirthdayDatePickerView.swift */; };
		181EE5FD2B234E540043817F /* CustomTeamSettingRightCustomCell.swift in Sources */ = {isa = PBXBuildFile; fileRef = 181EE5E32B234E540043817F /* CustomTeamSettingRightCustomCell.swift */; };
		181EE5FE2B234E540043817F /* CustomTeamSettingSubtitleCell.swift in Sources */ = {isa = PBXBuildFile; fileRef = 181EE5E42B234E540043817F /* CustomTeamSettingSubtitleCell.swift */; };
		181EE5FF2B234E540043817F /* CustomTeamArrowSettingCell.swift in Sources */ = {isa = PBXBuildFile; fileRef = 181EE5E52B234E540043817F /* CustomTeamArrowSettingCell.swift */; };
		181EE6002B234E540043817F /* CustomTeamSettingHeaderCell.swift in Sources */ = {isa = PBXBuildFile; fileRef = 181EE5E62B234E540043817F /* CustomTeamSettingHeaderCell.swift */; };
		181EE6012B234E540043817F /* CustomTeamSettingSwitchCell.swift in Sources */ = {isa = PBXBuildFile; fileRef = 181EE5E72B234E540043817F /* CustomTeamSettingSwitchCell.swift */; };
		181EE6022B234E540043817F /* NodeSelectCell.swift in Sources */ = {isa = PBXBuildFile; fileRef = 181EE5E82B234E540043817F /* NodeSelectCell.swift */; };
		181EE6032B234E540043817F /* VersionCell.swift in Sources */ = {isa = PBXBuildFile; fileRef = 181EE5E92B234E540043817F /* VersionCell.swift */; };
		18B05B342BD5FD0300666AD1 /* CustomFunChatViewController.swift in Sources */ = {isa = PBXBuildFile; fileRef = 18B05B322BD5FD0300666AD1 /* CustomFunChatViewController.swift */; };
		18B05B352BD5FD0300666AD1 /* CustomNormalChatViewController.swift in Sources */ = {isa = PBXBuildFile; fileRef = 18B05B332BD5FD0300666AD1 /* CustomNormalChatViewController.swift */; };
		39E9E27728D87E9800A11820 /* Localizable.strings in Resources */ = {isa = PBXBuildFile; fileRef = 39E9E27528D87E9800A11820 /* Localizable.strings */; };
		4B3B9BE6277AFEE50091A74E /* Main.storyboard in Resources */ = {isa = PBXBuildFile; fileRef = 4B3B9BE4277AFEE50091A74E /* Main.storyboard */; };
		4B3B9BEB277AFEE70091A74E /* LaunchScreen.storyboard in Resources */ = {isa = PBXBuildFile; fileRef = 4B3B9BE9277AFEE70091A74E /* LaunchScreen.storyboard */; };
		962DCBBD1E7AEAFEF8DF27AE /* Pods_app.framework in Frameworks */ = {isa = PBXBuildFile; fileRef = B974281E00A6C11F3A28F391 /* Pods_app.framework */; };
		DD141DFC2A56ABFD0091318F /* Constant.swift in Sources */ = {isa = PBXBuildFile; fileRef = DD141DC82A56ABFD0091318F /* Constant.swift */; };
		DD141DFD2A56ABFE0091318F /* ViewController.swift in Sources */ = {isa = PBXBuildFile; fileRef = DD141DC92A56ABFD0091318F /* ViewController.swift */; };
		DD141DFF2A56ABFE0091318F /* NENavigationController.swift in Sources */ = {isa = PBXBuildFile; fileRef = DD141DCB2A56ABFD0091318F /* NENavigationController.swift */; };
		DD141E012A56ABFE0091318F /* UIStyleManager.swift in Sources */ = {isa = PBXBuildFile; fileRef = DD141DCD2A56ABFD0091318F /* UIStyleManager.swift */; };
		DD141E032A56ABFE0091318F /* AppDelegate.swift in Sources */ = {isa = PBXBuildFile; fileRef = DD141DCF2A56ABFD0091318F /* AppDelegate.swift */; };
		DD141E042A56ABFE0091318F /* NETabBarController.swift in Sources */ = {isa = PBXBuildFile; fileRef = DD141DD02A56ABFD0091318F /* NETabBarController.swift */; };
		DD141E052A56ABFE0091318F /* AppKey.swift in Sources */ = {isa = PBXBuildFile; fileRef = DD141DD12A56ABFD0091318F /* AppKey.swift */; };
		DDCE2A652A56BDB800E17751 /* Assets.xcassets in Resources */ = {isa = PBXBuildFile; fileRef = DDCE2A642A56BDB800E17751 /* Assets.xcassets */; };
/* End PBXBuildFile section */

/* Begin PBXCopyFilesBuildPhase section */
		39722F9327998A14007BFC8B /* Embed Frameworks */ = {
			isa = PBXCopyFilesBuildPhase;
			buildActionMask = 2147483647;
			dstPath = "";
			dstSubfolderSpec = 10;
			files = (
			);
			name = "Embed Frameworks";
			runOnlyForDeploymentPostprocessing = 0;
		};
/* End PBXCopyFilesBuildPhase section */

/* Begin PBXFileReference section */
		0181C0F627BE5EB300A44E80 /* en */ = {isa = PBXFileReference; lastKnownFileType = text.plist.strings; name = en; path = en.lproj/Main.strings; sourceTree = "<group>"; };
		0181C0F827BE5EB800A44E80 /* en */ = {isa = PBXFileReference; lastKnownFileType = text.plist.strings; name = en; path = en.lproj/LaunchScreen.strings; sourceTree = "<group>"; };
		01B0A28E2816CF41009065C5 /* app.entitlements */ = {isa = PBXFileReference; lastKnownFileType = text.plist.entitlements; path = app.entitlements; sourceTree = "<group>"; };
		01C0FC0F27BE754400C32949 /* zh-Hans */ = {isa = PBXFileReference; lastKnownFileType = text.plist.strings; name = "zh-Hans"; path = "zh-Hans.lproj/Main.strings"; sourceTree = "<group>"; };
		01C0FC1027BE754500C32949 /* zh-Hans */ = {isa = PBXFileReference; lastKnownFileType = text.plist.strings; name = "zh-Hans"; path = "zh-Hans.lproj/LaunchScreen.strings"; sourceTree = "<group>"; };
		16DC7E2FA55766E184C10FEA /* Pods-app.debug.xcconfig */ = {isa = PBXFileReference; includeInIndex = 1; lastKnownFileType = text.xcconfig; name = "Pods-app.debug.xcconfig"; path = "Target Support Files/Pods-app/Pods-app.debug.xcconfig"; sourceTree = "<group>"; };
		181EE57E2B234C510043817F /* CustomView.swift */ = {isa = PBXFileReference; fileEncoding = 4; lastKnownFileType = sourcecode.swift; path = CustomView.swift; sourceTree = "<group>"; };
		181EE57F2B234C510043817F /* CustomP2PChatViewController.swift */ = {isa = PBXFileReference; fileEncoding = 4; lastKnownFileType = sourcecode.swift; path = CustomP2PChatViewController.swift; sourceTree = "<group>"; };
		181EE5822B234C510043817F /* CustomConversationController.swift */ = {isa = PBXFileReference; fileEncoding = 4; lastKnownFileType = sourcecode.swift; path = CustomConversationController.swift; sourceTree = "<group>"; };
		181EE5842B234C510043817F /* CustomContactTableViewCell.swift */ = {isa = PBXFileReference; fileEncoding = 4; lastKnownFileType = sourcecode.swift; path = CustomContactTableViewCell.swift; sourceTree = "<group>"; };
		181EE5852B234C510043817F /* CustomChatCell.swift */ = {isa = PBXFileReference; fileEncoding = 4; lastKnownFileType = sourcecode.swift; path = CustomChatCell.swift; sourceTree = "<group>"; };
		181EE5862B234C510043817F /* CustomConversationListCell.swift */ = {isa = PBXFileReference; fileEncoding = 4; lastKnownFileType = sourcecode.swift; path = CustomConversationListCell.swift; sourceTree = "<group>"; };
		181EE5CD2B234E540043817F /* NodeViewModel.swift */ = {isa = PBXFileReference; fileEncoding = 4; lastKnownFileType = sourcecode.swift; path = NodeViewModel.swift; sourceTree = "<group>"; };
		181EE5CE2B234E540043817F /* MineSettingViewModel.swift */ = {isa = PBXFileReference; fileEncoding = 4; lastKnownFileType = sourcecode.swift; path = MineSettingViewModel.swift; sourceTree = "<group>"; };
		181EE5CF2B234E540043817F /* PersonInfoViewModel.swift */ = {isa = PBXFileReference; fileEncoding = 4; lastKnownFileType = sourcecode.swift; path = PersonInfoViewModel.swift; sourceTree = "<group>"; };
		181EE5D02B234E540043817F /* MessageRemindViewModel.swift */ = {isa = PBXFileReference; fileEncoding = 4; lastKnownFileType = sourcecode.swift; path = MessageRemindViewModel.swift; sourceTree = "<group>"; };
		181EE5D12B234E540043817F /* IntroduceViewModel.swift */ = {isa = PBXFileReference; fileEncoding = 4; lastKnownFileType = sourcecode.swift; path = IntroduceViewModel.swift; sourceTree = "<group>"; };
		181EE5D32B234E540043817F /* MeViewController.swift */ = {isa = PBXFileReference; fileEncoding = 4; lastKnownFileType = sourcecode.swift; path = MeViewController.swift; sourceTree = "<group>"; };
		181EE5D42B234E540043817F /* StyleSelectionViewController.swift */ = {isa = PBXFileReference; fileEncoding = 4; lastKnownFileType = sourcecode.swift; path = StyleSelectionViewController.swift; sourceTree = "<group>"; };
		181EE5D52B234E540043817F /* NEAboutWebViewController.swift */ = {isa = PBXFileReference; fileEncoding = 4; lastKnownFileType = sourcecode.swift; path = NEAboutWebViewController.swift; sourceTree = "<group>"; };
		181EE5D72B234E540043817F /* InputPersonInfoController.swift */ = {isa = PBXFileReference; fileEncoding = 4; lastKnownFileType = sourcecode.swift; path = InputPersonInfoController.swift; sourceTree = "<group>"; };
		181EE5D82B234E540043817F /* MineSettingViewController.swift */ = {isa = PBXFileReference; fileEncoding = 4; lastKnownFileType = sourcecode.swift; path = MineSettingViewController.swift; sourceTree = "<group>"; };
		181EE5D92B234E540043817F /* MessageRemindViewController.swift */ = {isa = PBXFileReference; fileEncoding = 4; lastKnownFileType = sourcecode.swift; path = MessageRemindViewController.swift; sourceTree = "<group>"; };
		181EE5DA2B234E540043817F /* NENodeViewController.swift */ = {isa = PBXFileReference; fileEncoding = 4; lastKnownFileType = sourcecode.swift; path = NENodeViewController.swift; sourceTree = "<group>"; };
		181EE5DB2B234E540043817F /* PersonInfoViewController.swift */ = {isa = PBXFileReference; fileEncoding = 4; lastKnownFileType = sourcecode.swift; path = PersonInfoViewController.swift; sourceTree = "<group>"; };
		181EE5DC2B234E540043817F /* ConfigTestViewController.swift */ = {isa = PBXFileReference; fileEncoding = 4; lastKnownFileType = sourcecode.swift; path = ConfigTestViewController.swift; sourceTree = "<group>"; };
		181EE5DD2B234E540043817F /* IntroduceBrandViewController.swift */ = {isa = PBXFileReference; fileEncoding = 4; lastKnownFileType = sourcecode.swift; path = IntroduceBrandViewController.swift; sourceTree = "<group>"; };
		181EE5DF2B234E540043817F /* MineTableViewCell.swift */ = {isa = PBXFileReference; fileEncoding = 4; lastKnownFileType = sourcecode.swift; path = MineTableViewCell.swift; sourceTree = "<group>"; };
		181EE5E02B234E540043817F /* StyleSelectionCell.swift */ = {isa = PBXFileReference; fileEncoding = 4; lastKnownFileType = sourcecode.swift; path = StyleSelectionCell.swift; sourceTree = "<group>"; };
		181EE5E12B234E540043817F /* BirthdayDatePickerView.swift */ = {isa = PBXFileReference; fileEncoding = 4; lastKnownFileType = sourcecode.swift; path = BirthdayDatePickerView.swift; sourceTree = "<group>"; };
		181EE5E32B234E540043817F /* CustomTeamSettingRightCustomCell.swift */ = {isa = PBXFileReference; fileEncoding = 4; lastKnownFileType = sourcecode.swift; path = CustomTeamSettingRightCustomCell.swift; sourceTree = "<group>"; };
		181EE5E42B234E540043817F /* CustomTeamSettingSubtitleCell.swift */ = {isa = PBXFileReference; fileEncoding = 4; lastKnownFileType = sourcecode.swift; path = CustomTeamSettingSubtitleCell.swift; sourceTree = "<group>"; };
		181EE5E52B234E540043817F /* CustomTeamArrowSettingCell.swift */ = {isa = PBXFileReference; fileEncoding = 4; lastKnownFileType = sourcecode.swift; path = CustomTeamArrowSettingCell.swift; sourceTree = "<group>"; };
		181EE5E62B234E540043817F /* CustomTeamSettingHeaderCell.swift */ = {isa = PBXFileReference; fileEncoding = 4; lastKnownFileType = sourcecode.swift; path = CustomTeamSettingHeaderCell.swift; sourceTree = "<group>"; };
		181EE5E72B234E540043817F /* CustomTeamSettingSwitchCell.swift */ = {isa = PBXFileReference; fileEncoding = 4; lastKnownFileType = sourcecode.swift; path = CustomTeamSettingSwitchCell.swift; sourceTree = "<group>"; };
		181EE5E82B234E540043817F /* NodeSelectCell.swift */ = {isa = PBXFileReference; fileEncoding = 4; lastKnownFileType = sourcecode.swift; path = NodeSelectCell.swift; sourceTree = "<group>"; };
		181EE5E92B234E540043817F /* VersionCell.swift */ = {isa = PBXFileReference; fileEncoding = 4; lastKnownFileType = sourcecode.swift; path = VersionCell.swift; sourceTree = "<group>"; };
		18B05B322BD5FD0300666AD1 /* CustomFunChatViewController.swift */ = {isa = PBXFileReference; fileEncoding = 4; lastKnownFileType = sourcecode.swift; path = CustomFunChatViewController.swift; sourceTree = "<group>"; };
		18B05B332BD5FD0300666AD1 /* CustomNormalChatViewController.swift */ = {isa = PBXFileReference; fileEncoding = 4; lastKnownFileType = sourcecode.swift; path = CustomNormalChatViewController.swift; sourceTree = "<group>"; };
		39E9E27628D87E9800A11820 /* en */ = {isa = PBXFileReference; lastKnownFileType = text.plist.strings; name = en; path = en.lproj/Localizable.strings; sourceTree = "<group>"; };
		39E9E27828D87EA000A11820 /* zh-Hans */ = {isa = PBXFileReference; lastKnownFileType = text.plist.strings; name = "zh-Hans"; path = "zh-Hans.lproj/Localizable.strings"; sourceTree = "<group>"; };
		4B3B9BDB277AFEE50091A74E /* app.app */ = {isa = PBXFileReference; explicitFileType = wrapper.application; includeInIndex = 0; path = app.app; sourceTree = BUILT_PRODUCTS_DIR; };
		4B3B9BE5277AFEE50091A74E /* Base */ = {isa = PBXFileReference; lastKnownFileType = file.storyboard; name = Base; path = Base.lproj/Main.storyboard; sourceTree = "<group>"; };
		4B3B9BEA277AFEE70091A74E /* Base */ = {isa = PBXFileReference; lastKnownFileType = file.storyboard; name = Base; path = Base.lproj/LaunchScreen.storyboard; sourceTree = "<group>"; };
		7B8E90D94B6F032B6A80C9FE /* Pods-app.release.xcconfig */ = {isa = PBXFileReference; includeInIndex = 1; lastKnownFileType = text.xcconfig; name = "Pods-app.release.xcconfig"; path = "Target Support Files/Pods-app/Pods-app.release.xcconfig"; sourceTree = "<group>"; };
		B974281E00A6C11F3A28F391 /* Pods_app.framework */ = {isa = PBXFileReference; explicitFileType = wrapper.framework; includeInIndex = 0; path = Pods_app.framework; sourceTree = BUILT_PRODUCTS_DIR; };
		DD141DC82A56ABFD0091318F /* Constant.swift */ = {isa = PBXFileReference; fileEncoding = 4; lastKnownFileType = sourcecode.swift; path = Constant.swift; sourceTree = "<group>"; };
		DD141DC92A56ABFD0091318F /* ViewController.swift */ = {isa = PBXFileReference; fileEncoding = 4; lastKnownFileType = sourcecode.swift; path = ViewController.swift; sourceTree = "<group>"; };
		DD141DCB2A56ABFD0091318F /* NENavigationController.swift */ = {isa = PBXFileReference; fileEncoding = 4; lastKnownFileType = sourcecode.swift; path = NENavigationController.swift; sourceTree = "<group>"; };
		DD141DCD2A56ABFD0091318F /* UIStyleManager.swift */ = {isa = PBXFileReference; fileEncoding = 4; lastKnownFileType = sourcecode.swift; path = UIStyleManager.swift; sourceTree = "<group>"; };
		DD141DCF2A56ABFD0091318F /* AppDelegate.swift */ = {isa = PBXFileReference; fileEncoding = 4; lastKnownFileType = sourcecode.swift; path = AppDelegate.swift; sourceTree = "<group>"; };
		DD141DD02A56ABFD0091318F /* NETabBarController.swift */ = {isa = PBXFileReference; fileEncoding = 4; lastKnownFileType = sourcecode.swift; path = NETabBarController.swift; sourceTree = "<group>"; };
		DD141DD12A56ABFD0091318F /* AppKey.swift */ = {isa = PBXFileReference; fileEncoding = 4; lastKnownFileType = sourcecode.swift; path = AppKey.swift; sourceTree = "<group>"; };
		DDCE2A642A56BDB800E17751 /* Assets.xcassets */ = {isa = PBXFileReference; lastKnownFileType = folder.assetcatalog; path = Assets.xcassets; sourceTree = "<group>"; };
/* End PBXFileReference section */

/* Begin PBXFrameworksBuildPhase section */
		4B3B9BD8277AFEE50091A74E /* Frameworks */ = {
			isa = PBXFrameworksBuildPhase;
			buildActionMask = 2147483647;
			files = (
				962DCBBD1E7AEAFEF8DF27AE /* Pods_app.framework in Frameworks */,
			);
			runOnlyForDeploymentPostprocessing = 0;
		};
/* End PBXFrameworksBuildPhase section */

/* Begin PBXGroup section */
		181EE57D2B234C510043817F /* Custom */ = {
			isa = PBXGroup;
			children = (
				18B05B322BD5FD0300666AD1 /* CustomFunChatViewController.swift */,
				18B05B332BD5FD0300666AD1 /* CustomNormalChatViewController.swift */,
				181EE57E2B234C510043817F /* CustomView.swift */,
				181EE57F2B234C510043817F /* CustomP2PChatViewController.swift */,
				181EE5822B234C510043817F /* CustomConversationController.swift */,
				181EE5842B234C510043817F /* CustomContactTableViewCell.swift */,
				181EE5852B234C510043817F /* CustomChatCell.swift */,
				181EE5862B234C510043817F /* CustomConversationListCell.swift */,
			);
			path = Custom;
			sourceTree = "<group>";
		};
		181EE5CB2B234E540043817F /* Mine */ = {
			isa = PBXGroup;
			children = (
				181EE5CC2B234E540043817F /* ViewModel */,
				181EE5D22B234E540043817F /* Controller */,
				181EE5DE2B234E540043817F /* View */,
			);
			path = Mine;
			sourceTree = "<group>";
		};
		181EE5CC2B234E540043817F /* ViewModel */ = {
			isa = PBXGroup;
			children = (
				181EE5CD2B234E540043817F /* NodeViewModel.swift */,
				181EE5CE2B234E540043817F /* MineSettingViewModel.swift */,
				181EE5CF2B234E540043817F /* PersonInfoViewModel.swift */,
				181EE5D02B234E540043817F /* MessageRemindViewModel.swift */,
				181EE5D12B234E540043817F /* IntroduceViewModel.swift */,
			);
			path = ViewModel;
			sourceTree = "<group>";
		};
		181EE5D22B234E540043817F /* Controller */ = {
			isa = PBXGroup;
			children = (
				181EE5D32B234E540043817F /* MeViewController.swift */,
				181EE5D42B234E540043817F /* StyleSelectionViewController.swift */,
				181EE5D52B234E540043817F /* NEAboutWebViewController.swift */,
				181EE5D72B234E540043817F /* InputPersonInfoController.swift */,
				181EE5D82B234E540043817F /* MineSettingViewController.swift */,
				181EE5D92B234E540043817F /* MessageRemindViewController.swift */,
				181EE5DA2B234E540043817F /* NENodeViewController.swift */,
				181EE5DB2B234E540043817F /* PersonInfoViewController.swift */,
				181EE5DC2B234E540043817F /* ConfigTestViewController.swift */,
				181EE5DD2B234E540043817F /* IntroduceBrandViewController.swift */,
			);
			path = Controller;
			sourceTree = "<group>";
		};
		181EE5DE2B234E540043817F /* View */ = {
			isa = PBXGroup;
			children = (
				181EE5DF2B234E540043817F /* MineTableViewCell.swift */,
				181EE5E02B234E540043817F /* StyleSelectionCell.swift */,
				181EE5E12B234E540043817F /* BirthdayDatePickerView.swift */,
				181EE5E22B234E540043817F /* Theme */,
				181EE5E82B234E540043817F /* NodeSelectCell.swift */,
				181EE5E92B234E540043817F /* VersionCell.swift */,
			);
			path = View;
			sourceTree = "<group>";
		};
		181EE5E22B234E540043817F /* Theme */ = {
			isa = PBXGroup;
			children = (
				181EE5E32B234E540043817F /* CustomTeamSettingRightCustomCell.swift */,
				181EE5E42B234E540043817F /* CustomTeamSettingSubtitleCell.swift */,
				181EE5E52B234E540043817F /* CustomTeamArrowSettingCell.swift */,
				181EE5E62B234E540043817F /* CustomTeamSettingHeaderCell.swift */,
				181EE5E72B234E540043817F /* CustomTeamSettingSwitchCell.swift */,
			);
			path = Theme;
			sourceTree = "<group>";
		};
		4B3B9BD2277AFEE50091A74E = {
			isa = PBXGroup;
			children = (
				4B3B9BDD277AFEE50091A74E /* app */,
				4B3B9BDC277AFEE50091A74E /* Products */,
				BF083551FB71DB2F668919FB /* Pods */,
				C8F542C0762421B5D64218AA /* Frameworks */,
			);
			sourceTree = "<group>";
		};
		4B3B9BDC277AFEE50091A74E /* Products */ = {
			isa = PBXGroup;
			children = (
				4B3B9BDB277AFEE50091A74E /* app.app */,
			);
			name = Products;
			sourceTree = "<group>";
		};
		4B3B9BDD277AFEE50091A74E /* app */ = {
			isa = PBXGroup;
			children = (
				181EE5CB2B234E540043817F /* Mine */,
				181EE57D2B234C510043817F /* Custom */,
				DDCE2A642A56BDB800E17751 /* Assets.xcassets */,
				DD141DC62A56ABFD0091318F /* Main */,
				01B0A28E2816CF41009065C5 /* app.entitlements */,
				39E9E27528D87E9800A11820 /* Localizable.strings */,
				4B3B9BE4277AFEE50091A74E /* Main.storyboard */,
				4B3B9BE9277AFEE70091A74E /* LaunchScreen.storyboard */,
			);
			path = app;
			sourceTree = "<group>";
		};
		BF083551FB71DB2F668919FB /* Pods */ = {
			isa = PBXGroup;
			children = (
				16DC7E2FA55766E184C10FEA /* Pods-app.debug.xcconfig */,
				7B8E90D94B6F032B6A80C9FE /* Pods-app.release.xcconfig */,
			);
			path = Pods;
			sourceTree = "<group>";
		};
		C8F542C0762421B5D64218AA /* Frameworks */ = {
			isa = PBXGroup;
			children = (
				B974281E00A6C11F3A28F391 /* Pods_app.framework */,
			);
			name = Frameworks;
			sourceTree = "<group>";
		};
		DD141DC62A56ABFD0091318F /* Main */ = {
			isa = PBXGroup;
			children = (
				DD141DC82A56ABFD0091318F /* Constant.swift */,
				DD141DC92A56ABFD0091318F /* ViewController.swift */,
				DD141DCB2A56ABFD0091318F /* NENavigationController.swift */,
				DD141DCD2A56ABFD0091318F /* UIStyleManager.swift */,
				DD141DCF2A56ABFD0091318F /* AppDelegate.swift */,
				DD141DD02A56ABFD0091318F /* NETabBarController.swift */,
				DD141DD12A56ABFD0091318F /* AppKey.swift */,
			);
			path = Main;
			sourceTree = "<group>";
		};
/* End PBXGroup section */

/* Begin PBXNativeTarget section */
		4B3B9BDA277AFEE50091A74E /* app */ = {
			isa = PBXNativeTarget;
			buildConfigurationList = 4B3B9BEF277AFEE70091A74E /* Build configuration list for PBXNativeTarget "app" */;
			buildPhases = (
				A560DA587DC897F27FDFE32F /* [CP] Check Pods Manifest.lock */,
				4B3B9BD7277AFEE50091A74E /* Sources */,
				4B3B9BD8277AFEE50091A74E /* Frameworks */,
				4B3B9BD9277AFEE50091A74E /* Resources */,
				39722F9327998A14007BFC8B /* Embed Frameworks */,
				264CA3266150FDF885781FE5 /* [CP] Embed Pods Frameworks */,
				0707A69D252FA43BDDD73B34 /* [CP] Copy Pods Resources */,
			);
			buildRules = (
			);
			dependencies = (
			);
			name = app;
			productName = app;
			productReference = 4B3B9BDB277AFEE50091A74E /* app.app */;
			productType = "com.apple.product-type.application";
		};
/* End PBXNativeTarget section */

/* Begin PBXProject section */
		4B3B9BD3277AFEE50091A74E /* Project object */ = {
			isa = PBXProject;
			attributes = {
				BuildIndependentTargetsInParallel = 1;
				LastSwiftUpdateCheck = 1300;
				LastUpgradeCheck = 1300;
				ORGANIZATIONNAME = NetEase;
				TargetAttributes = {
					4B3B9BDA277AFEE50091A74E = {
						CreatedOnToolsVersion = 13.0;
						LastSwiftMigration = 1410;
					};
				};
			};
			buildConfigurationList = 4B3B9BD6277AFEE50091A74E /* Build configuration list for PBXProject "app" */;
			compatibilityVersion = "Xcode 10.0";
			developmentRegion = en;
			hasScannedForEncodings = 0;
			knownRegions = (
				en,
				Base,
				"zh-Hans",
			);
			mainGroup = 4B3B9BD2277AFEE50091A74E;
			productRefGroup = 4B3B9BDC277AFEE50091A74E /* Products */;
			projectDirPath = "";
			projectRoot = "";
			targets = (
				4B3B9BDA277AFEE50091A74E /* app */,
			);
		};
/* End PBXProject section */

/* Begin PBXResourcesBuildPhase section */
		4B3B9BD9277AFEE50091A74E /* Resources */ = {
			isa = PBXResourcesBuildPhase;
			buildActionMask = 2147483647;
			files = (
				4B3B9BEB277AFEE70091A74E /* LaunchScreen.storyboard in Resources */,
				39E9E27728D87E9800A11820 /* Localizable.strings in Resources */,
				DDCE2A652A56BDB800E17751 /* Assets.xcassets in Resources */,
				4B3B9BE6277AFEE50091A74E /* Main.storyboard in Resources */,
			);
			runOnlyForDeploymentPostprocessing = 0;
		};
/* End PBXResourcesBuildPhase section */

/* Begin PBXShellScriptBuildPhase section */
		0707A69D252FA43BDDD73B34 /* [CP] Copy Pods Resources */ = {
			isa = PBXShellScriptBuildPhase;
			buildActionMask = 2147483647;
			files = (
			);
			inputFileListPaths = (
				"${PODS_ROOT}/Target Support Files/Pods-app/Pods-app-resources-${CONFIGURATION}-input-files.xcfilelist",
			);
			name = "[CP] Copy Pods Resources";
			outputFileListPaths = (
				"${PODS_ROOT}/Target Support Files/Pods-app/Pods-app-resources-${CONFIGURATION}-output-files.xcfilelist",
			);
			runOnlyForDeploymentPostprocessing = 0;
			shellPath = /bin/sh;
			shellScript = "\"${PODS_ROOT}/Target Support Files/Pods-app/Pods-app-resources.sh\"\n";
			showEnvVarsInLog = 0;
		};
		264CA3266150FDF885781FE5 /* [CP] Embed Pods Frameworks */ = {
			isa = PBXShellScriptBuildPhase;
			buildActionMask = 2147483647;
			files = (
			);
			inputFileListPaths = (
				"${PODS_ROOT}/Target Support Files/Pods-app/Pods-app-frameworks-${CONFIGURATION}-input-files.xcfilelist",
			);
			name = "[CP] Embed Pods Frameworks";
			outputFileListPaths = (
				"${PODS_ROOT}/Target Support Files/Pods-app/Pods-app-frameworks-${CONFIGURATION}-output-files.xcfilelist",
			);
			runOnlyForDeploymentPostprocessing = 0;
			shellPath = /bin/sh;
			shellScript = "\"${PODS_ROOT}/Target Support Files/Pods-app/Pods-app-frameworks.sh\"\n";
			showEnvVarsInLog = 0;
		};
		A560DA587DC897F27FDFE32F /* [CP] Check Pods Manifest.lock */ = {
			isa = PBXShellScriptBuildPhase;
			buildActionMask = 2147483647;
			files = (
			);
			inputFileListPaths = (
			);
			inputPaths = (
				"${PODS_PODFILE_DIR_PATH}/Podfile.lock",
				"${PODS_ROOT}/Manifest.lock",
			);
			name = "[CP] Check Pods Manifest.lock";
			outputFileListPaths = (
			);
			outputPaths = (
				"$(DERIVED_FILE_DIR)/Pods-app-checkManifestLockResult.txt",
			);
			runOnlyForDeploymentPostprocessing = 0;
			shellPath = /bin/sh;
			shellScript = "diff \"${PODS_PODFILE_DIR_PATH}/Podfile.lock\" \"${PODS_ROOT}/Manifest.lock\" > /dev/null\nif [ $? != 0 ] ; then\n    # print error to STDERR\n    echo \"error: The sandbox is not in sync with the Podfile.lock. Run 'pod install' or update your CocoaPods installation.\" >&2\n    exit 1\nfi\n# This output is used by Xcode 'outputs' to avoid re-running this script phase.\necho \"SUCCESS\" > \"${SCRIPT_OUTPUT_FILE_0}\"\n";
			showEnvVarsInLog = 0;
		};
/* End PBXShellScriptBuildPhase section */

/* Begin PBXSourcesBuildPhase section */
		4B3B9BD7277AFEE50091A74E /* Sources */ = {
			isa = PBXSourcesBuildPhase;
			buildActionMask = 2147483647;
			files = (
				181EE5EA2B234E540043817F /* NodeViewModel.swift in Sources */,
				181EE6032B234E540043817F /* VersionCell.swift in Sources */,
				181EE58D2B234C510043817F /* CustomContactTableViewCell.swift in Sources */,
				181EE5F82B234E540043817F /* ConfigTestViewController.swift in Sources */,
				181EE5ED2B234E540043817F /* MessageRemindViewModel.swift in Sources */,
				181EE5872B234C510043817F /* CustomView.swift in Sources */,
				181EE58F2B234C510043817F /* CustomConversationListCell.swift in Sources */,
				181EE5F32B234E540043817F /* InputPersonInfoController.swift in Sources */,
				181EE5FC2B234E540043817F /* BirthdayDatePickerView.swift in Sources */,
				181EE5882B234C510043817F /* CustomP2PChatViewController.swift in Sources */,
				181EE5F12B234E540043817F /* NEAboutWebViewController.swift in Sources */,
				181EE58E2B234C510043817F /* CustomChatCell.swift in Sources */,
				181EE5F02B234E540043817F /* StyleSelectionViewController.swift in Sources */,
				181EE5F42B234E540043817F /* MineSettingViewController.swift in Sources */,
				DD141DFD2A56ABFE0091318F /* ViewController.swift in Sources */,
				DD141DFF2A56ABFE0091318F /* NENavigationController.swift in Sources */,
				181EE5FF2B234E540043817F /* CustomTeamArrowSettingCell.swift in Sources */,
				181EE6002B234E540043817F /* CustomTeamSettingHeaderCell.swift in Sources */,
				DD141E032A56ABFE0091318F /* AppDelegate.swift in Sources */,
				181EE58B2B234C510043817F /* CustomConversationController.swift in Sources */,
				181EE5F92B234E540043817F /* IntroduceBrandViewController.swift in Sources */,
				181EE5F62B234E540043817F /* NENodeViewController.swift in Sources */,
				181EE5FB2B234E540043817F /* StyleSelectionCell.swift in Sources */,
				181EE5EB2B234E540043817F /* MineSettingViewModel.swift in Sources */,
				DD141E052A56ABFE0091318F /* AppKey.swift in Sources */,
				181EE5EF2B234E540043817F /* MeViewController.swift in Sources */,
				181EE5FE2B234E540043817F /* CustomTeamSettingSubtitleCell.swift in Sources */,
				181EE6022B234E540043817F /* NodeSelectCell.swift in Sources */,
				DD141E012A56ABFE0091318F /* UIStyleManager.swift in Sources */,
				181EE5EE2B234E540043817F /* IntroduceViewModel.swift in Sources */,
				181EE5F72B234E540043817F /* PersonInfoViewController.swift in Sources */,
				DD141E042A56ABFE0091318F /* NETabBarController.swift in Sources */,
				DD141DFC2A56ABFD0091318F /* Constant.swift in Sources */,
				181EE6012B234E540043817F /* CustomTeamSettingSwitchCell.swift in Sources */,
				18B05B342BD5FD0300666AD1 /* CustomFunChatViewController.swift in Sources */,
				181EE5F52B234E540043817F /* MessageRemindViewController.swift in Sources */,
				181EE5FD2B234E540043817F /* CustomTeamSettingRightCustomCell.swift in Sources */,
				181EE5FA2B234E540043817F /* MineTableViewCell.swift in Sources */,
				181EE5EC2B234E540043817F /* PersonInfoViewModel.swift in Sources */,
				18B05B352BD5FD0300666AD1 /* CustomNormalChatViewController.swift in Sources */,
			);
			runOnlyForDeploymentPostprocessing = 0;
		};
/* End PBXSourcesBuildPhase section */

/* Begin PBXVariantGroup section */
		39E9E27528D87E9800A11820 /* Localizable.strings */ = {
			isa = PBXVariantGroup;
			children = (
				39E9E27628D87E9800A11820 /* en */,
				39E9E27828D87EA000A11820 /* zh-Hans */,
			);
			name = Localizable.strings;
			sourceTree = "<group>";
		};
		4B3B9BE4277AFEE50091A74E /* Main.storyboard */ = {
			isa = PBXVariantGroup;
			children = (
				4B3B9BE5277AFEE50091A74E /* Base */,
				0181C0F627BE5EB300A44E80 /* en */,
				01C0FC0F27BE754400C32949 /* zh-Hans */,
			);
			name = Main.storyboard;
			sourceTree = "<group>";
		};
		4B3B9BE9277AFEE70091A74E /* LaunchScreen.storyboard */ = {
			isa = PBXVariantGroup;
			children = (
				4B3B9BEA277AFEE70091A74E /* Base */,
				0181C0F827BE5EB800A44E80 /* en */,
				01C0FC1027BE754500C32949 /* zh-Hans */,
			);
			name = LaunchScreen.storyboard;
			sourceTree = "<group>";
		};
/* End PBXVariantGroup section */

/* Begin XCBuildConfiguration section */
		4B3B9BED277AFEE70091A74E /* Debug */ = {
			isa = XCBuildConfiguration;
			buildSettings = {
				ALWAYS_SEARCH_USER_PATHS = NO;
				CLANG_ANALYZER_LOCALIZABILITY_NONLOCALIZED = YES;
				CLANG_ANALYZER_NONNULL = YES;
				CLANG_ANALYZER_NUMBER_OBJECT_CONVERSION = YES_AGGRESSIVE;
				CLANG_CXX_LANGUAGE_STANDARD = "gnu++17";
				CLANG_CXX_LIBRARY = "libc++";
				CLANG_ENABLE_MODULES = YES;
				CLANG_ENABLE_OBJC_ARC = YES;
				CLANG_ENABLE_OBJC_WEAK = YES;
				CLANG_WARN_BLOCK_CAPTURE_AUTORELEASING = YES;
				CLANG_WARN_BOOL_CONVERSION = YES;
				CLANG_WARN_COMMA = YES;
				CLANG_WARN_CONSTANT_CONVERSION = YES;
				CLANG_WARN_DEPRECATED_OBJC_IMPLEMENTATIONS = YES;
				CLANG_WARN_DIRECT_OBJC_ISA_USAGE = YES_ERROR;
				CLANG_WARN_DOCUMENTATION_COMMENTS = YES;
				CLANG_WARN_EMPTY_BODY = YES;
				CLANG_WARN_ENUM_CONVERSION = YES;
				CLANG_WARN_INFINITE_RECURSION = YES;
				CLANG_WARN_INT_CONVERSION = YES;
				CLANG_WARN_NON_LITERAL_NULL_CONVERSION = YES;
				CLANG_WARN_OBJC_IMPLICIT_RETAIN_SELF = YES;
				CLANG_WARN_OBJC_LITERAL_CONVERSION = YES;
				CLANG_WARN_OBJC_ROOT_CLASS = YES_ERROR;
				CLANG_WARN_QUOTED_INCLUDE_IN_FRAMEWORK_HEADER = YES;
				CLANG_WARN_RANGE_LOOP_ANALYSIS = YES;
				CLANG_WARN_STRICT_PROTOTYPES = YES;
				CLANG_WARN_SUSPICIOUS_MOVE = YES;
				CLANG_WARN_UNGUARDED_AVAILABILITY = YES_AGGRESSIVE;
				CLANG_WARN_UNREACHABLE_CODE = YES;
				CLANG_WARN__DUPLICATE_METHOD_MATCH = YES;
				COPY_PHASE_STRIP = NO;
				DEBUG_INFORMATION_FORMAT = dwarf;
				ENABLE_STRICT_OBJC_MSGSEND = YES;
				ENABLE_TESTABILITY = YES;
				EXCLUDED_ARCHS = armv7;
				GCC_C_LANGUAGE_STANDARD = gnu11;
				GCC_DYNAMIC_NO_PIC = NO;
				GCC_NO_COMMON_BLOCKS = YES;
				GCC_OPTIMIZATION_LEVEL = 0;
				GCC_PREPROCESSOR_DEFINITIONS = (
					"DEBUG=1",
					"$(inherited)",
				);
				GCC_WARN_64_TO_32_BIT_CONVERSION = YES;
				GCC_WARN_ABOUT_RETURN_TYPE = YES_ERROR;
				GCC_WARN_UNDECLARED_SELECTOR = YES;
				GCC_WARN_UNINITIALIZED_AUTOS = YES_AGGRESSIVE;
				GCC_WARN_UNUSED_FUNCTION = YES;
				GCC_WARN_UNUSED_VARIABLE = YES;
				IPHONEOS_DEPLOYMENT_TARGET = 11.0;
				MTL_ENABLE_DEBUG_INFO = INCLUDE_SOURCE;
				MTL_FAST_MATH = YES;
				ONLY_ACTIVE_ARCH = YES;
				SDKROOT = iphoneos;
				SWIFT_ACTIVE_COMPILATION_CONDITIONS = DEBUG;
				SWIFT_OPTIMIZATION_LEVEL = "-Onone";
			};
			name = Debug;
		};
		4B3B9BEE277AFEE70091A74E /* Release */ = {
			isa = XCBuildConfiguration;
			buildSettings = {
				ALWAYS_SEARCH_USER_PATHS = NO;
				CLANG_ANALYZER_LOCALIZABILITY_NONLOCALIZED = YES;
				CLANG_ANALYZER_NONNULL = YES;
				CLANG_ANALYZER_NUMBER_OBJECT_CONVERSION = YES_AGGRESSIVE;
				CLANG_CXX_LANGUAGE_STANDARD = "gnu++17";
				CLANG_CXX_LIBRARY = "libc++";
				CLANG_ENABLE_MODULES = YES;
				CLANG_ENABLE_OBJC_ARC = YES;
				CLANG_ENABLE_OBJC_WEAK = YES;
				CLANG_WARN_BLOCK_CAPTURE_AUTORELEASING = YES;
				CLANG_WARN_BOOL_CONVERSION = YES;
				CLANG_WARN_COMMA = YES;
				CLANG_WARN_CONSTANT_CONVERSION = YES;
				CLANG_WARN_DEPRECATED_OBJC_IMPLEMENTATIONS = YES;
				CLANG_WARN_DIRECT_OBJC_ISA_USAGE = YES_ERROR;
				CLANG_WARN_DOCUMENTATION_COMMENTS = YES;
				CLANG_WARN_EMPTY_BODY = YES;
				CLANG_WARN_ENUM_CONVERSION = YES;
				CLANG_WARN_INFINITE_RECURSION = YES;
				CLANG_WARN_INT_CONVERSION = YES;
				CLANG_WARN_NON_LITERAL_NULL_CONVERSION = YES;
				CLANG_WARN_OBJC_IMPLICIT_RETAIN_SELF = YES;
				CLANG_WARN_OBJC_LITERAL_CONVERSION = YES;
				CLANG_WARN_OBJC_ROOT_CLASS = YES_ERROR;
				CLANG_WARN_QUOTED_INCLUDE_IN_FRAMEWORK_HEADER = YES;
				CLANG_WARN_RANGE_LOOP_ANALYSIS = YES;
				CLANG_WARN_STRICT_PROTOTYPES = YES;
				CLANG_WARN_SUSPICIOUS_MOVE = YES;
				CLANG_WARN_UNGUARDED_AVAILABILITY = YES_AGGRESSIVE;
				CLANG_WARN_UNREACHABLE_CODE = YES;
				CLANG_WARN__DUPLICATE_METHOD_MATCH = YES;
				COPY_PHASE_STRIP = NO;
				DEBUG_INFORMATION_FORMAT = "dwarf-with-dsym";
				ENABLE_NS_ASSERTIONS = NO;
				ENABLE_STRICT_OBJC_MSGSEND = YES;
				EXCLUDED_ARCHS = armv7;
				GCC_C_LANGUAGE_STANDARD = gnu11;
				GCC_NO_COMMON_BLOCKS = YES;
				GCC_WARN_64_TO_32_BIT_CONVERSION = YES;
				GCC_WARN_ABOUT_RETURN_TYPE = YES_ERROR;
				GCC_WARN_UNDECLARED_SELECTOR = YES;
				GCC_WARN_UNINITIALIZED_AUTOS = YES_AGGRESSIVE;
				GCC_WARN_UNUSED_FUNCTION = YES;
				GCC_WARN_UNUSED_VARIABLE = YES;
				IPHONEOS_DEPLOYMENT_TARGET = 11.0;
				MTL_ENABLE_DEBUG_INFO = NO;
				MTL_FAST_MATH = YES;
				SDKROOT = iphoneos;
				SWIFT_COMPILATION_MODE = wholemodule;
				SWIFT_OPTIMIZATION_LEVEL = "-O";
				VALIDATE_PRODUCT = YES;
			};
			name = Release;
		};
		4B3B9BF0277AFEE70091A74E /* Debug */ = {
			isa = XCBuildConfiguration;
			baseConfigurationReference = 16DC7E2FA55766E184C10FEA /* Pods-app.debug.xcconfig */;
			buildSettings = {
				ASSETCATALOG_COMPILER_APPICON_NAME = AppIcon;
				ASSETCATALOG_COMPILER_GLOBAL_ACCENT_COLOR_NAME = AccentColor;
				CLANG_ENABLE_MODULES = YES;
				CODE_SIGN_ENTITLEMENTS = app/app.entitlements;
				CODE_SIGN_IDENTITY = "Apple Development";
				CODE_SIGN_STYLE = Automatic;
				CURRENT_PROJECT_VERSION = 1;
				DEFINES_MODULE = NO;
				DEVELOPMENT_TEAM = 569GNZ5392;
				ENABLE_BITCODE = NO;
				GENERATE_INFOPLIST_FILE = YES;
				INFOPLIST_FILE = app/Info.plist;
				INFOPLIST_KEY_CFBundleDisplayName = "云信IM";
				INFOPLIST_KEY_NSCameraUsageDescription = "若不允许，你将无法导入照片上传头像。";
				INFOPLIST_KEY_NSLocationAlwaysAndWhenInUseUsageDescription = "是否允许获取你的位置用于发送定位信息";
				INFOPLIST_KEY_NSLocationAlwaysUsageDescription = "是否允许获取你的位置用于发送定位信息";
				INFOPLIST_KEY_NSLocationWhenInUseUsageDescription = "是否允许获取你的位置用于发送定位信息";
				INFOPLIST_KEY_NSMicrophoneUsageDescription = "想使用您的麦克风";
				INFOPLIST_KEY_NSPhotoLibraryAddUsageDescription = "将要保存图片到相册";
				INFOPLIST_KEY_NSPhotoLibraryUsageDescription = "若不允许，你将无法拍摄照片";
				INFOPLIST_KEY_UIApplicationSupportsIndirectInputEvents = YES;
				INFOPLIST_KEY_UILaunchStoryboardName = LaunchScreen;
				INFOPLIST_KEY_UIMainStoryboardFile = Main;
				INFOPLIST_KEY_UISupportedInterfaceOrientations = UIInterfaceOrientationPortrait;
				INFOPLIST_KEY_UISupportedInterfaceOrientations_iPad = "UIInterfaceOrientationPortrait UIInterfaceOrientationPortraitUpsideDown UIInterfaceOrientationLandscapeLeft UIInterfaceOrientationLandscapeRight";
				INFOPLIST_KEY_UISupportedInterfaceOrientations_iPhone = "UIInterfaceOrientationPortrait UIInterfaceOrientationLandscapeLeft UIInterfaceOrientationLandscapeRight";
				INFOPLIST_KEY_UIUserInterfaceStyle = Light;
				IPHONEOS_DEPLOYMENT_TARGET = 12.0;
				LD_RUNPATH_SEARCH_PATHS = (
					"$(inherited)",
					"@executable_path/Frameworks",
				);
				MARKETING_VERSION = 10.3.0;
				PRODUCT_BUNDLE_IDENTIFIER = com.netease.yunxin.app.im;
				PRODUCT_NAME = "$(TARGET_NAME)";
				PROVISIONING_PROFILE_SPECIFIER = "";
				SWIFT_EMIT_LOC_STRINGS = YES;
				SWIFT_OBJC_BRIDGING_HEADER = "";
				SWIFT_OPTIMIZATION_LEVEL = "-Onone";
				SWIFT_PRECOMPILE_BRIDGING_HEADER = NO;
				SWIFT_VERSION = 5.0;
				TARGETED_DEVICE_FAMILY = "1,2";
			};
			name = Debug;
		};
		4B3B9BF1277AFEE70091A74E /* Release */ = {
			isa = XCBuildConfiguration;
			baseConfigurationReference = 7B8E90D94B6F032B6A80C9FE /* Pods-app.release.xcconfig */;
			buildSettings = {
				ASSETCATALOG_COMPILER_APPICON_NAME = AppIcon;
				ASSETCATALOG_COMPILER_GLOBAL_ACCENT_COLOR_NAME = AccentColor;
				CLANG_ENABLE_MODULES = YES;
				CODE_SIGN_ENTITLEMENTS = app/app.entitlements;
				CODE_SIGN_IDENTITY = "iPhone Distribution";
				CODE_SIGN_STYLE = Manual;
				CURRENT_PROJECT_VERSION = 1;
				DEFINES_MODULE = NO;
				DEVELOPMENT_TEAM = 569GNZ5392;
				ENABLE_BITCODE = NO;
				GENERATE_INFOPLIST_FILE = YES;
				INFOPLIST_FILE = app/Info.plist;
				INFOPLIST_KEY_CFBundleDisplayName = "云信IM";
				INFOPLIST_KEY_NSCameraUsageDescription = "若不允许，你将无法导入照片上传头像。";
				INFOPLIST_KEY_NSLocationAlwaysAndWhenInUseUsageDescription = "是否允许获取你的位置用于发送定位信息";
				INFOPLIST_KEY_NSLocationAlwaysUsageDescription = "是否允许获取你的位置用于发送定位信息";
				INFOPLIST_KEY_NSLocationWhenInUseUsageDescription = "是否允许获取你的位置用于发送定位信息";
				INFOPLIST_KEY_NSMicrophoneUsageDescription = "想使用您的麦克风";
				INFOPLIST_KEY_NSPhotoLibraryAddUsageDescription = "将要保存图片到相册";
				INFOPLIST_KEY_NSPhotoLibraryUsageDescription = "若不允许，你将无法拍摄照片";
				INFOPLIST_KEY_UIApplicationSupportsIndirectInputEvents = YES;
				INFOPLIST_KEY_UILaunchStoryboardName = LaunchScreen;
				INFOPLIST_KEY_UIMainStoryboardFile = Main;
				INFOPLIST_KEY_UISupportedInterfaceOrientations = UIInterfaceOrientationPortrait;
				INFOPLIST_KEY_UISupportedInterfaceOrientations_iPad = "UIInterfaceOrientationPortrait UIInterfaceOrientationPortraitUpsideDown UIInterfaceOrientationLandscapeLeft UIInterfaceOrientationLandscapeRight";
				INFOPLIST_KEY_UISupportedInterfaceOrientations_iPhone = "UIInterfaceOrientationPortrait UIInterfaceOrientationLandscapeLeft UIInterfaceOrientationLandscapeRight";
				INFOPLIST_KEY_UIUserInterfaceStyle = Light;
				IPHONEOS_DEPLOYMENT_TARGET = 12.0;
				LD_RUNPATH_SEARCH_PATHS = (
					"$(inherited)",
					"@executable_path/Frameworks",
				);
				MARKETING_VERSION = 10.3.0;
				PRODUCT_BUNDLE_IDENTIFIER = com.netease.yunxin.app.im;
				PRODUCT_NAME = "$(TARGET_NAME)";
				PROVISIONING_PROFILE_SPECIFIER = inHouseYunxin;
				SWIFT_EMIT_LOC_STRINGS = YES;
				SWIFT_OBJC_BRIDGING_HEADER = "";
				SWIFT_PRECOMPILE_BRIDGING_HEADER = NO;
				SWIFT_VERSION = 5.0;
				TARGETED_DEVICE_FAMILY = "1,2";
			};
			name = Release;
		};
/* End XCBuildConfiguration section */

/* Begin XCConfigurationList section */
		4B3B9BD6277AFEE50091A74E /* Build configuration list for PBXProject "app" */ = {
			isa = XCConfigurationList;
			buildConfigurations = (
				4B3B9BED277AFEE70091A74E /* Debug */,
				4B3B9BEE277AFEE70091A74E /* Release */,
			);
			defaultConfigurationIsVisible = 0;
			defaultConfigurationName = Release;
		};
		4B3B9BEF277AFEE70091A74E /* Build configuration list for PBXNativeTarget "app" */ = {
			isa = XCConfigurationList;
			buildConfigurations = (
				4B3B9BF0277AFEE70091A74E /* Debug */,
				4B3B9BF1277AFEE70091A74E /* Release */,
			);
			defaultConfigurationIsVisible = 0;
			defaultConfigurationName = Release;
		};
/* End XCConfigurationList section */
	};
	rootObject = 4B3B9BD3277AFEE50091A74E /* Project object */;
}
